
Microsoft Visual Studio Solution File, Format Version 12.00
# Visual Studio Version 16
VisualStudioVersion = 16.0.29411.108
MinimumVisualStudioVersion = 10.0.40219.1
Project("{FAE04EC0-301F-11D3-BF4B-00C04F79EFBC}") = "StaticUserCounterMCSDemo", "StaticUserCounterMCSDemo.csproj", "{2A7B5CE5-5093-4EAA-BEA1-F62399AE8AAE}"
EndProject
Global
	GlobalSection(SolutionConfigurationPlatforms) = preSolution
		Debug|Any CPU = Debug|Any CPU
		Release|Any CPU = Release|Any CPU
	EndGlobalSection
	GlobalSection(ProjectConfigurationPlatforms) = postSolution
		{2A7B5CE5-5093-4EAA-BEA1-F62399AE8AAE}.Debug|Any CPU.ActiveCfg = Debug|Any CPU
		{2A7B5CE5-5093-4EAA-BEA1-F62399AE8AAE}.Debug|Any CPU.Build.0 = Debug|Any CPU
		{2A7B5CE5-5093-4EAA-BEA1-F62399AE8AAE}.Release|Any CPU.ActiveCfg = Release|Any CPU
		{2A7B5CE5-5093-4EAA-BEA1-F62399AE8AAE}.Release|Any CPU.Build.0 = Release|Any CPU
	EndGlobalSection
	GlobalSection(SolutionProperties) = preSolution
		HideSolutionNode = FALSE
	EndGlobalSection
	GlobalSection(ExtensibilityGlobals) = postSolution
		SolutionGuid = {30DB4901-2396-4ABE-92FE-B1305D5AC224}
	EndGlobalSection
EndGlobal
